// !$*UTF8*$!
{
	archiveVersion = 1;
	classes = {
	};
	objectVersion = 55;
	objects = {

/* Begin PBXBuildFile section */
		6B6E7E39281326700044661E /* UserStruct.swift in Sources */ = {isa = PBXBuildFile; fileRef = 6B6E7E38281326700044661E /* UserStruct.swift */; };
		BFF1FB8C2812C38300142235 /* AppDelegate.swift in Sources */ = {isa = PBXBuildFile; fileRef = BFF1FB8B2812C38300142235 /* AppDelegate.swift */; };
		BFF1FB8E2812C38300142235 /* SceneDelegate.swift in Sources */ = {isa = PBXBuildFile; fileRef = BFF1FB8D2812C38300142235 /* SceneDelegate.swift */; };
		BFF1FB962812C38300142235 /* MagicList.xcdatamodeld in Sources */ = {isa = PBXBuildFile; fileRef = BFF1FB942812C38300142235 /* MagicList.xcdatamodeld */; };
		BFF1FB982812C38300142235 /* Assets.xcassets in Resources */ = {isa = PBXBuildFile; fileRef = BFF1FB972812C38300142235 /* Assets.xcassets */; };
		BFF1FB9B2812C38300142235 /* LaunchScreen.storyboard in Resources */ = {isa = PBXBuildFile; fileRef = BFF1FB992812C38300142235 /* LaunchScreen.storyboard */; };
		BFF1FBAA2812C44500142235 /* MainTabBarController.swift in Sources */ = {isa = PBXBuildFile; fileRef = BFF1FBA92812C44500142235 /* MainTabBarController.swift */; };
		BFF1FBB72812C4D400142235 /* TodoTableViewController.swift in Sources */ = {isa = PBXBuildFile; fileRef = BFF1FBB62812C4D400142235 /* TodoTableViewController.swift */; };
		BFF1FBB92812C4DD00142235 /* PersonSettingsSwiftUIView.swift in Sources */ = {isa = PBXBuildFile; fileRef = BFF1FBB82812C4DD00142235 /* PersonSettingsSwiftUIView.swift */; };
		BFF1FBBC2812C5F300142235 /* NetworkingManager.swift in Sources */ = {isa = PBXBuildFile; fileRef = BFF1FBBB2812C5F300142235 /* NetworkingManager.swift */; };
		BFF1FBC62812C66100142235 /* Altone-Thin.ttf in Resources */ = {isa = PBXBuildFile; fileRef = BFF1FBBE2812C66100142235 /* Altone-Thin.ttf */; };
		BFF1FBC72812C66100142235 /* Altone-Medium.ttf in Resources */ = {isa = PBXBuildFile; fileRef = BFF1FBBF2812C66100142235 /* Altone-Medium.ttf */; };
		BFF1FBC82812C66100142235 /* Altone-Light.ttf in Resources */ = {isa = PBXBuildFile; fileRef = BFF1FBC02812C66100142235 /* Altone-Light.ttf */; };
		BFF1FBC92812C66100142235 /* Altone-SemiBold.ttf in Resources */ = {isa = PBXBuildFile; fileRef = BFF1FBC12812C66100142235 /* Altone-SemiBold.ttf */; };
		BFF1FBCA2812C66100142235 /* Altone-ExtraLight.ttf in Resources */ = {isa = PBXBuildFile; fileRef = BFF1FBC22812C66100142235 /* Altone-ExtraLight.ttf */; };
		BFF1FBCB2812C66100142235 /* Altone-Bold.ttf in Resources */ = {isa = PBXBuildFile; fileRef = BFF1FBC32812C66100142235 /* Altone-Bold.ttf */; };
		BFF1FBCC2812C66100142235 /* Altone-Regular.ttf in Resources */ = {isa = PBXBuildFile; fileRef = BFF1FBC42812C66100142235 /* Altone-Regular.ttf */; };
		BFF1FBCD2812C66100142235 /* Altone-ExtraBold.ttf in Resources */ = {isa = PBXBuildFile; fileRef = BFF1FBC52812C66100142235 /* Altone-ExtraBold.ttf */; };
		BFF1FBCF2812C66D00142235 /* UIFont+.swift in Sources */ = {isa = PBXBuildFile; fileRef = BFF1FBCE2812C66D00142235 /* UIFont+.swift */; };
		BFF1FBD12812C6E800142235 /* NotificationManager.swift in Sources */ = {isa = PBXBuildFile; fileRef = BFF1FBD02812C6E800142235 /* NotificationManager.swift */; };
		BFF1FBD42812FBAB00142235 /* Color+.swift in Sources */ = {isa = PBXBuildFile; fileRef = BFF1FBD32812FBAB00142235 /* Color+.swift */; };
		BFF1FBD82812FDAB00142235 /* UIColor+.swift in Sources */ = {isa = PBXBuildFile; fileRef = BFF1FBD72812FDAB00142235 /* UIColor+.swift */; };
		BFF1FBDA2813092700142235 /* WelcomeStackView.swift in Sources */ = {isa = PBXBuildFile; fileRef = BFF1FBD92813092700142235 /* WelcomeStackView.swift */; };
		BFF1FBDC28130ADA00142235 /* UIStackView+.swift in Sources */ = {isa = PBXBuildFile; fileRef = BFF1FBDB28130ADA00142235 /* UIStackView+.swift */; };
		BFF1FBDE2813144200142235 /* InfoTableViewCell.swift in Sources */ = {isa = PBXBuildFile; fileRef = BFF1FBDD2813144200142235 /* InfoTableViewCell.swift */; };
		BFF1FBE128133E9600142235 /* TagCollectionViewCell.swift in Sources */ = {isa = PBXBuildFile; fileRef = BFF1FBE028133E9600142235 /* TagCollectionViewCell.swift */; };
		BFF1FBE328134ED300142235 /* TableHeaderStackView.swift in Sources */ = {isa = PBXBuildFile; fileRef = BFF1FBE228134ED300142235 /* TableHeaderStackView.swift */; };
		BFF1FBE72813651700142235 /* NoteStackView.swift in Sources */ = {isa = PBXBuildFile; fileRef = BFF1FBE62813651700142235 /* NoteStackView.swift */; };
		BFF1FBEA28136F8400142235 /* NoteView.swift in Sources */ = {isa = PBXBuildFile; fileRef = BFF1FBE928136F8400142235 /* NoteView.swift */; };
		BFF1FBEC281374C000142235 /* NotesTableViewCell.swift in Sources */ = {isa = PBXBuildFile; fileRef = BFF1FBEB281374C000142235 /* NotesTableViewCell.swift */; };
		BFF1FBEE2814163500142235 /* NotesTableViewController.swift in Sources */ = {isa = PBXBuildFile; fileRef = BFF1FBED2814163500142235 /* NotesTableViewController.swift */; };
		BFF1FBF0281417FD00142235 /* NoteViewController.swift in Sources */ = {isa = PBXBuildFile; fileRef = BFF1FBEF281417FD00142235 /* NoteViewController.swift */; };
		BFF1FBF32814183B00142235 /* Transfers.swift in Sources */ = {isa = PBXBuildFile; fileRef = BFF1FBF22814183B00142235 /* Transfers.swift */; };
		BFF1FBF52816C20A00142235 /* CoreDataManager.swift in Sources */ = {isa = PBXBuildFile; fileRef = BFF1FBF42816C20A00142235 /* CoreDataManager.swift */; };
		CB5C7B7F110E56E492657A9B /* Pods_MagicList.framework in Frameworks */ = {isa = PBXBuildFile; fileRef = 90DFE6F1A2A1A56B0E8DB31F /* Pods_MagicList.framework */; };
/* End PBXBuildFile section */

/* Begin PBXFileReference section */
		038E13176E3F720562E1850E /* Pods-MagicList.debug.xcconfig */ = {isa = PBXFileReference; includeInIndex = 1; lastKnownFileType = text.xcconfig; name = "Pods-MagicList.debug.xcconfig"; path = "Target Support Files/Pods-MagicList/Pods-MagicList.debug.xcconfig"; sourceTree = "<group>"; };
		3B5EE07FB4DA967B9298A2C6 /* Pods-MagicList.release.xcconfig */ = {isa = PBXFileReference; includeInIndex = 1; lastKnownFileType = text.xcconfig; name = "Pods-MagicList.release.xcconfig"; path = "Target Support Files/Pods-MagicList/Pods-MagicList.release.xcconfig"; sourceTree = "<group>"; };
		6B6E7E38281326700044661E /* UserStruct.swift */ = {isa = PBXFileReference; lastKnownFileType = sourcecode.swift; path = UserStruct.swift; sourceTree = "<group>"; };
		90DFE6F1A2A1A56B0E8DB31F /* Pods_MagicList.framework */ = {isa = PBXFileReference; explicitFileType = wrapper.framework; includeInIndex = 0; path = Pods_MagicList.framework; sourceTree = BUILT_PRODUCTS_DIR; };
		BFF1FB882812C38300142235 /* MagicList.app */ = {isa = PBXFileReference; explicitFileType = wrapper.application; includeInIndex = 0; path = MagicList.app; sourceTree = BUILT_PRODUCTS_DIR; };
		BFF1FB8B2812C38300142235 /* AppDelegate.swift */ = {isa = PBXFileReference; lastKnownFileType = sourcecode.swift; path = AppDelegate.swift; sourceTree = "<group>"; };
		BFF1FB8D2812C38300142235 /* SceneDelegate.swift */ = {isa = PBXFileReference; lastKnownFileType = sourcecode.swift; path = SceneDelegate.swift; sourceTree = "<group>"; };
		BFF1FB952812C38300142235 /* MagicList.xcdatamodel */ = {isa = PBXFileReference; lastKnownFileType = wrapper.xcdatamodel; path = MagicList.xcdatamodel; sourceTree = "<group>"; };
		BFF1FB972812C38300142235 /* Assets.xcassets */ = {isa = PBXFileReference; lastKnownFileType = folder.assetcatalog; path = Assets.xcassets; sourceTree = "<group>"; };
		BFF1FB9A2812C38300142235 /* Base */ = {isa = PBXFileReference; lastKnownFileType = file.storyboard; name = Base; path = Base.lproj/LaunchScreen.storyboard; sourceTree = "<group>"; };
		BFF1FB9C2812C38300142235 /* Info.plist */ = {isa = PBXFileReference; lastKnownFileType = text.plist.xml; path = Info.plist; sourceTree = "<group>"; };
		BFF1FBA92812C44500142235 /* MainTabBarController.swift */ = {isa = PBXFileReference; lastKnownFileType = sourcecode.swift; path = MainTabBarController.swift; sourceTree = "<group>"; };
		BFF1FBB62812C4D400142235 /* TodoTableViewController.swift */ = {isa = PBXFileReference; lastKnownFileType = sourcecode.swift; path = TodoTableViewController.swift; sourceTree = "<group>"; };
		BFF1FBB82812C4DD00142235 /* PersonSettingsSwiftUIView.swift */ = {isa = PBXFileReference; lastKnownFileType = sourcecode.swift; path = PersonSettingsSwiftUIView.swift; sourceTree = "<group>"; };
		BFF1FBBB2812C5F300142235 /* NetworkingManager.swift */ = {isa = PBXFileReference; lastKnownFileType = sourcecode.swift; path = NetworkingManager.swift; sourceTree = "<group>"; };
		BFF1FBBE2812C66100142235 /* Altone-Thin.ttf */ = {isa = PBXFileReference; lastKnownFileType = file; path = "Altone-Thin.ttf"; sourceTree = "<group>"; };
		BFF1FBBF2812C66100142235 /* Altone-Medium.ttf */ = {isa = PBXFileReference; lastKnownFileType = file; path = "Altone-Medium.ttf"; sourceTree = "<group>"; };
		BFF1FBC02812C66100142235 /* Altone-Light.ttf */ = {isa = PBXFileReference; lastKnownFileType = file; path = "Altone-Light.ttf"; sourceTree = "<group>"; };
		BFF1FBC12812C66100142235 /* Altone-SemiBold.ttf */ = {isa = PBXFileReference; lastKnownFileType = file; path = "Altone-SemiBold.ttf"; sourceTree = "<group>"; };
		BFF1FBC22812C66100142235 /* Altone-ExtraLight.ttf */ = {isa = PBXFileReference; lastKnownFileType = file; path = "Altone-ExtraLight.ttf"; sourceTree = "<group>"; };
		BFF1FBC32812C66100142235 /* Altone-Bold.ttf */ = {isa = PBXFileReference; lastKnownFileType = file; path = "Altone-Bold.ttf"; sourceTree = "<group>"; };
		BFF1FBC42812C66100142235 /* Altone-Regular.ttf */ = {isa = PBXFileReference; lastKnownFileType = file; path = "Altone-Regular.ttf"; sourceTree = "<group>"; };
		BFF1FBC52812C66100142235 /* Altone-ExtraBold.ttf */ = {isa = PBXFileReference; lastKnownFileType = file; path = "Altone-ExtraBold.ttf"; sourceTree = "<group>"; };
		BFF1FBCE2812C66D00142235 /* UIFont+.swift */ = {isa = PBXFileReference; lastKnownFileType = sourcecode.swift; path = "UIFont+.swift"; sourceTree = "<group>"; };
		BFF1FBD02812C6E800142235 /* NotificationManager.swift */ = {isa = PBXFileReference; lastKnownFileType = sourcecode.swift; path = NotificationManager.swift; sourceTree = "<group>"; };
		BFF1FBD32812FBAB00142235 /* Color+.swift */ = {isa = PBXFileReference; lastKnownFileType = sourcecode.swift; path = "Color+.swift"; sourceTree = "<group>"; };
		BFF1FBD72812FDAB00142235 /* UIColor+.swift */ = {isa = PBXFileReference; lastKnownFileType = sourcecode.swift; path = "UIColor+.swift"; sourceTree = "<group>"; };
		BFF1FBD92813092700142235 /* WelcomeStackView.swift */ = {isa = PBXFileReference; lastKnownFileType = sourcecode.swift; path = WelcomeStackView.swift; sourceTree = "<group>"; };
		BFF1FBDB28130ADA00142235 /* UIStackView+.swift */ = {isa = PBXFileReference; lastKnownFileType = sourcecode.swift; path = "UIStackView+.swift"; sourceTree = "<group>"; };
		BFF1FBDD2813144200142235 /* InfoTableViewCell.swift */ = {isa = PBXFileReference; lastKnownFileType = sourcecode.swift; path = InfoTableViewCell.swift; sourceTree = "<group>"; };
		BFF1FBE028133E9600142235 /* TagCollectionViewCell.swift */ = {isa = PBXFileReference; lastKnownFileType = sourcecode.swift; path = TagCollectionViewCell.swift; sourceTree = "<group>"; };
		BFF1FBE228134ED300142235 /* TableHeaderStackView.swift */ = {isa = PBXFileReference; lastKnownFileType = sourcecode.swift; path = TableHeaderStackView.swift; sourceTree = "<group>"; };
		BFF1FBE62813651700142235 /* NoteStackView.swift */ = {isa = PBXFileReference; lastKnownFileType = sourcecode.swift; path = NoteStackView.swift; sourceTree = "<group>"; };
		BFF1FBE928136F8400142235 /* NoteView.swift */ = {isa = PBXFileReference; lastKnownFileType = sourcecode.swift; path = NoteView.swift; sourceTree = "<group>"; };
		BFF1FBEB281374C000142235 /* NotesTableViewCell.swift */ = {isa = PBXFileReference; lastKnownFileType = sourcecode.swift; path = NotesTableViewCell.swift; sourceTree = "<group>"; };
		BFF1FBED2814163500142235 /* NotesTableViewController.swift */ = {isa = PBXFileReference; lastKnownFileType = sourcecode.swift; path = NotesTableViewController.swift; sourceTree = "<group>"; };
		BFF1FBEF281417FD00142235 /* NoteViewController.swift */ = {isa = PBXFileReference; lastKnownFileType = sourcecode.swift; path = NoteViewController.swift; sourceTree = "<group>"; };
		BFF1FBF22814183B00142235 /* Transfers.swift */ = {isa = PBXFileReference; lastKnownFileType = sourcecode.swift; path = Transfers.swift; sourceTree = "<group>"; };
		BFF1FBF42816C20A00142235 /* CoreDataManager.swift */ = {isa = PBXFileReference; lastKnownFileType = sourcecode.swift; path = CoreDataManager.swift; sourceTree = "<group>"; };
/* End PBXFileReference section */

/* Begin PBXFrameworksBuildPhase section */
		BFF1FB852812C38300142235 /* Frameworks */ = {
			isa = PBXFrameworksBuildPhase;
			buildActionMask = 2147483647;
			files = (
				CB5C7B7F110E56E492657A9B /* Pods_MagicList.framework in Frameworks */,
			);
			runOnlyForDeploymentPostprocessing = 0;
		};
/* End PBXFrameworksBuildPhase section */

/* Begin PBXGroup section */
		33B766491ED738F1B7500412 /* Frameworks */ = {
			isa = PBXGroup;
			children = (
				90DFE6F1A2A1A56B0E8DB31F /* Pods_MagicList.framework */,
			);
			name = Frameworks;
			sourceTree = "<group>";
		};
		9187FB83455207B4CC88F73F /* Pods */ = {
			isa = PBXGroup;
			children = (
				038E13176E3F720562E1850E /* Pods-MagicList.debug.xcconfig */,
				3B5EE07FB4DA967B9298A2C6 /* Pods-MagicList.release.xcconfig */,
			);
			path = Pods;
			sourceTree = "<group>";
		};
		BFF1FB7F2812C38300142235 = {
			isa = PBXGroup;
			children = (
				BFF1FB8A2812C38300142235 /* MagicList */,
				BFF1FB892812C38300142235 /* Products */,
				9187FB83455207B4CC88F73F /* Pods */,
				33B766491ED738F1B7500412 /* Frameworks */,
			);
			sourceTree = "<group>";
		};
		BFF1FB892812C38300142235 /* Products */ = {
			isa = PBXGroup;
			children = (
				BFF1FB882812C38300142235 /* MagicList.app */,
			);
			name = Products;
			sourceTree = "<group>";
		};
		BFF1FB8A2812C38300142235 /* MagicList */ = {
			isa = PBXGroup;
			children = (
				BFF1FBF12814182500142235 /* Protocol */,
				BFF1FBBA2812C4E000142235 /* Manager */,
				BFF1FBA62812C40A00142235 /* Font */,
				BFF1FBA52812C40400142235 /* Extension */,
				BFF1FBA42812C3FF00142235 /* Model */,
				BFF1FBA32812C3FB00142235 /* View */,
				BFF1FBA22812C3F200142235 /* Controller */,
				BFF1FB8B2812C38300142235 /* AppDelegate.swift */,
				BFF1FB8D2812C38300142235 /* SceneDelegate.swift */,
				BFF1FB972812C38300142235 /* Assets.xcassets */,
				BFF1FB992812C38300142235 /* LaunchScreen.storyboard */,
				BFF1FB9C2812C38300142235 /* Info.plist */,
				BFF1FB942812C38300142235 /* MagicList.xcdatamodeld */,
			);
			path = MagicList;
			sourceTree = "<group>";
		};
		BFF1FBA22812C3F200142235 /* Controller */ = {
			isa = PBXGroup;
			children = (
				BFF1FBA72812C40E00142235 /* Tabbar */,
				BFF1FBAD2812C48800142235 /* Notes */,
				BFF1FBAC2812C48200142235 /* Todo */,
				BFF1FBAB2812C47600142235 /* PersonSettings */,
			);
			path = Controller;
			sourceTree = "<group>";
		};
		BFF1FBA32812C3FB00142235 /* View */ = {
			isa = PBXGroup;
			children = (
				BFF1FBB02812C4A200142235 /* NotesViews */,
				BFF1FBAF2812C49C00142235 /* TodoViews */,
				BFF1FBAE2812C49300142235 /* PersonSettingsViews */,
			);
			path = View;
			sourceTree = "<group>";
		};
		BFF1FBA42812C3FF00142235 /* Model */ = {
			isa = PBXGroup;
			children = (
			);
			path = Model;
			sourceTree = "<group>";
		};
		BFF1FBA52812C40400142235 /* Extension */ = {
			isa = PBXGroup;
			children = (
				BFF1FBCE2812C66D00142235 /* UIFont+.swift */,
				BFF1FBD32812FBAB00142235 /* Color+.swift */,
				BFF1FBD72812FDAB00142235 /* UIColor+.swift */,
				BFF1FBDB28130ADA00142235 /* UIStackView+.swift */,
			);
			path = Extension;
			sourceTree = "<group>";
		};
		BFF1FBA62812C40A00142235 /* Font */ = {
			isa = PBXGroup;
			children = (
				BFF1FBC32812C66100142235 /* Altone-Bold.ttf */,
				BFF1FBC52812C66100142235 /* Altone-ExtraBold.ttf */,
				BFF1FBC22812C66100142235 /* Altone-ExtraLight.ttf */,
				BFF1FBC02812C66100142235 /* Altone-Light.ttf */,
				BFF1FBBF2812C66100142235 /* Altone-Medium.ttf */,
				BFF1FBC42812C66100142235 /* Altone-Regular.ttf */,
				BFF1FBC12812C66100142235 /* Altone-SemiBold.ttf */,
				BFF1FBBE2812C66100142235 /* Altone-Thin.ttf */,
			);
			path = Font;
			sourceTree = "<group>";
		};
		BFF1FBA72812C40E00142235 /* Tabbar */ = {
			isa = PBXGroup;
			children = (
				BFF1FBA92812C44500142235 /* MainTabBarController.swift */,
			);
			path = Tabbar;
			sourceTree = "<group>";
		};
		BFF1FBAB2812C47600142235 /* PersonSettings */ = {
			isa = PBXGroup;
			children = (
				BFF1FBB82812C4DD00142235 /* PersonSettingsSwiftUIView.swift */,
			);
			path = PersonSettings;
			sourceTree = "<group>";
		};
		BFF1FBAC2812C48200142235 /* Todo */ = {
			isa = PBXGroup;
			children = (
				BFF1FBB62812C4D400142235 /* TodoTableViewController.swift */,
			);
			path = Todo;
			sourceTree = "<group>";
		};
		BFF1FBAD2812C48800142235 /* Notes */ = {
			isa = PBXGroup;
			children = (
				BFF1FBED2814163500142235 /* NotesTableViewController.swift */,
				BFF1FBEF281417FD00142235 /* NoteViewController.swift */,
			);
			path = Notes;
			sourceTree = "<group>";
		};
		BFF1FBAE2812C49300142235 /* PersonSettingsViews */ = {
			isa = PBXGroup;
			children = (
			);
			path = PersonSettingsViews;
			sourceTree = "<group>";
		};
		BFF1FBAF2812C49C00142235 /* TodoViews */ = {
			isa = PBXGroup;
			children = (
			);
			path = TodoViews;
			sourceTree = "<group>";
		};
		BFF1FBB02812C4A200142235 /* NotesViews */ = {
			isa = PBXGroup;
			children = (
				BFF1FBE428135A7700142235 /* HeaderSection */,
				BFF1FBE52813631A00142235 /* NotesSection */,
			);
			path = NotesViews;
			sourceTree = "<group>";
		};
		BFF1FBBA2812C4E000142235 /* Manager */ = {
			isa = PBXGroup;
			children = (
				6B6E7E38281326700044661E /* UserStruct.swift */,
				BFF1FBBB2812C5F300142235 /* NetworkingManager.swift */,
				BFF1FBD02812C6E800142235 /* NotificationManager.swift */,
				BFF1FBF42816C20A00142235 /* CoreDataManager.swift */,
			);
			path = Manager;
			sourceTree = "<group>";
		};
		BFF1FBE428135A7700142235 /* HeaderSection */ = {
			isa = PBXGroup;
			children = (
				BFF1FBD92813092700142235 /* WelcomeStackView.swift */,
				BFF1FBDD2813144200142235 /* InfoTableViewCell.swift */,
				BFF1FBE228134ED300142235 /* TableHeaderStackView.swift */,
				BFF1FBE028133E9600142235 /* TagCollectionViewCell.swift */,
			);
			path = HeaderSection;
			sourceTree = "<group>";
		};
		BFF1FBE52813631A00142235 /* NotesSection */ = {
			isa = PBXGroup;
			children = (
				BFF1FBE62813651700142235 /* NoteStackView.swift */,
				BFF1FBE928136F8400142235 /* NoteView.swift */,
				BFF1FBEB281374C000142235 /* NotesTableViewCell.swift */,
			);
			path = NotesSection;
			sourceTree = "<group>";
		};
		BFF1FBF12814182500142235 /* Protocol */ = {
			isa = PBXGroup;
			children = (
				BFF1FBF22814183B00142235 /* Transfers.swift */,
			);
			path = Protocol;
			sourceTree = "<group>";
		};
/* End PBXGroup section */

/* Begin PBXNativeTarget section */
		BFF1FB872812C38300142235 /* MagicList */ = {
			isa = PBXNativeTarget;
			buildConfigurationList = BFF1FB9F2812C38300142235 /* Build configuration list for PBXNativeTarget "MagicList" */;
			buildPhases = (
				0073ADCE5F7470762C452EEC /* [CP] Check Pods Manifest.lock */,
				BFF1FB842812C38300142235 /* Sources */,
				BFF1FB852812C38300142235 /* Frameworks */,
				BFF1FB862812C38300142235 /* Resources */,
				A003C884549ABAAB29B2DB3D /* [CP] Embed Pods Frameworks */,
			);
			buildRules = (
			);
			dependencies = (
			);
			name = MagicList;
			productName = MagicList;
			productReference = BFF1FB882812C38300142235 /* MagicList.app */;
			productType = "com.apple.product-type.application";
		};
/* End PBXNativeTarget section */

/* Begin PBXProject section */
		BFF1FB802812C38300142235 /* Project object */ = {
			isa = PBXProject;
			attributes = {
				BuildIndependentTargetsInParallel = 1;
				LastSwiftUpdateCheck = 1330;
				LastUpgradeCheck = 1330;
				TargetAttributes = {
					BFF1FB872812C38300142235 = {
						CreatedOnToolsVersion = 13.3.1;
					};
				};
			};
			buildConfigurationList = BFF1FB832812C38300142235 /* Build configuration list for PBXProject "MagicList" */;
			compatibilityVersion = "Xcode 13.0";
			developmentRegion = en;
			hasScannedForEncodings = 0;
			knownRegions = (
				en,
				Base,
			);
			mainGroup = BFF1FB7F2812C38300142235;
			productRefGroup = BFF1FB892812C38300142235 /* Products */;
			projectDirPath = "";
			projectRoot = "";
			targets = (
				BFF1FB872812C38300142235 /* MagicList */,
			);
		};
/* End PBXProject section */

/* Begin PBXResourcesBuildPhase section */
		BFF1FB862812C38300142235 /* Resources */ = {
			isa = PBXResourcesBuildPhase;
			buildActionMask = 2147483647;
			files = (
				BFF1FBC92812C66100142235 /* Altone-SemiBold.ttf in Resources */,
				BFF1FBC82812C66100142235 /* Altone-Light.ttf in Resources */,
				BFF1FBC62812C66100142235 /* Altone-Thin.ttf in Resources */,
				BFF1FBCA2812C66100142235 /* Altone-ExtraLight.ttf in Resources */,
				BFF1FBCB2812C66100142235 /* Altone-Bold.ttf in Resources */,
				BFF1FBCD2812C66100142235 /* Altone-ExtraBold.ttf in Resources */,
				BFF1FB9B2812C38300142235 /* LaunchScreen.storyboard in Resources */,
				BFF1FBC72812C66100142235 /* Altone-Medium.ttf in Resources */,
				BFF1FBCC2812C66100142235 /* Altone-Regular.ttf in Resources */,
				BFF1FB982812C38300142235 /* Assets.xcassets in Resources */,
			);
			runOnlyForDeploymentPostprocessing = 0;
		};
/* End PBXResourcesBuildPhase section */

/* Begin PBXShellScriptBuildPhase section */
		0073ADCE5F7470762C452EEC /* [CP] Check Pods Manifest.lock */ = {
			isa = PBXShellScriptBuildPhase;
			buildActionMask = 2147483647;
			files = (
			);
			inputFileListPaths = (
			);
			inputPaths = (
				"${PODS_PODFILE_DIR_PATH}/Podfile.lock",
				"${PODS_ROOT}/Manifest.lock",
			);
			name = "[CP] Check Pods Manifest.lock";
			outputFileListPaths = (
			);
			outputPaths = (
				"$(DERIVED_FILE_DIR)/Pods-MagicList-checkManifestLockResult.txt",
			);
			runOnlyForDeploymentPostprocessing = 0;
			shellPath = /bin/sh;
			shellScript = "diff \"${PODS_PODFILE_DIR_PATH}/Podfile.lock\" \"${PODS_ROOT}/Manifest.lock\" > /dev/null\nif [ $? != 0 ] ; then\n    # print error to STDERR\n    echo \"error: The sandbox is not in sync with the Podfile.lock. Run 'pod install' or update your CocoaPods installation.\" >&2\n    exit 1\nfi\n# This output is used by Xcode 'outputs' to avoid re-running this script phase.\necho \"SUCCESS\" > \"${SCRIPT_OUTPUT_FILE_0}\"\n";
			showEnvVarsInLog = 0;
		};
		A003C884549ABAAB29B2DB3D /* [CP] Embed Pods Frameworks */ = {
			isa = PBXShellScriptBuildPhase;
			buildActionMask = 2147483647;
			files = (
			);
			inputFileListPaths = (
				"${PODS_ROOT}/Target Support Files/Pods-MagicList/Pods-MagicList-frameworks-${CONFIGURATION}-input-files.xcfilelist",
			);
			name = "[CP] Embed Pods Frameworks";
			outputFileListPaths = (
				"${PODS_ROOT}/Target Support Files/Pods-MagicList/Pods-MagicList-frameworks-${CONFIGURATION}-output-files.xcfilelist",
			);
			runOnlyForDeploymentPostprocessing = 0;
			shellPath = /bin/sh;
			shellScript = "\"${PODS_ROOT}/Target Support Files/Pods-MagicList/Pods-MagicList-frameworks.sh\"\n";
			showEnvVarsInLog = 0;
		};
/* End PBXShellScriptBuildPhase section */

/* Begin PBXSourcesBuildPhase section */
		BFF1FB842812C38300142235 /* Sources */ = {
			isa = PBXSourcesBuildPhase;
			buildActionMask = 2147483647;
			files = (
				BFF1FBF32814183B00142235 /* Transfers.swift in Sources */,
				BFF1FBE328134ED300142235 /* TableHeaderStackView.swift in Sources */,
				BFF1FB8C2812C38300142235 /* AppDelegate.swift in Sources */,
				BFF1FBF0281417FD00142235 /* NoteViewController.swift in Sources */,
				6B6E7E39281326700044661E /* UserStruct.swift in Sources */,
				BFF1FBCF2812C66D00142235 /* UIFont+.swift in Sources */,
				BFF1FBF52816C20A00142235 /* CoreDataManager.swift in Sources */,
				BFF1FBD12812C6E800142235 /* NotificationManager.swift in Sources */,
				BFF1FBEC281374C000142235 /* NotesTableViewCell.swift in Sources */,
				BFF1FBE72813651700142235 /* NoteStackView.swift in Sources */,
				BFF1FBEA28136F8400142235 /* NoteView.swift in Sources */,
				BFF1FBB72812C4D400142235 /* TodoTableViewController.swift in Sources */,
				BFF1FB8E2812C38300142235 /* SceneDelegate.swift in Sources */,
				BFF1FBD82812FDAB00142235 /* UIColor+.swift in Sources */,
				BFF1FBDE2813144200142235 /* InfoTableViewCell.swift in Sources */,
				BFF1FBB92812C4DD00142235 /* PersonSettingsSwiftUIView.swift in Sources */,
				BFF1FBDC28130ADA00142235 /* UIStackView+.swift in Sources */,
				BFF1FBE128133E9600142235 /* TagCollectionViewCell.swift in Sources */,
				BFF1FBAA2812C44500142235 /* MainTabBarController.swift in Sources */,
				BFF1FBBC2812C5F300142235 /* NetworkingManager.swift in Sources */,
				BFF1FBD42812FBAB00142235 /* Color+.swift in Sources */,
				BFF1FB962812C38300142235 /* MagicList.xcdatamodeld in Sources */,
				BFF1FBDA2813092700142235 /* WelcomeStackView.swift in Sources */,
				BFF1FBEE2814163500142235 /* NotesTableViewController.swift in Sources */,
			);
			runOnlyForDeploymentPostprocessing = 0;
		};
/* End PBXSourcesBuildPhase section */

/* Begin PBXVariantGroup section */
		BFF1FB992812C38300142235 /* LaunchScreen.storyboard */ = {
			isa = PBXVariantGroup;
			children = (
				BFF1FB9A2812C38300142235 /* Base */,
			);
			name = LaunchScreen.storyboard;
			sourceTree = "<group>";
		};
/* End PBXVariantGroup section */

/* Begin XCBuildConfiguration section */
		BFF1FB9D2812C38300142235 /* Debug */ = {
			isa = XCBuildConfiguration;
			buildSettings = {
				ALWAYS_SEARCH_USER_PATHS = NO;
				CLANG_ANALYZER_NONNULL = YES;
				CLANG_ANALYZER_NUMBER_OBJECT_CONVERSION = YES_AGGRESSIVE;
				CLANG_CXX_LANGUAGE_STANDARD = "gnu++17";
				CLANG_ENABLE_MODULES = YES;
				CLANG_ENABLE_OBJC_ARC = YES;
				CLANG_ENABLE_OBJC_WEAK = YES;
				CLANG_WARN_BLOCK_CAPTURE_AUTORELEASING = YES;
				CLANG_WARN_BOOL_CONVERSION = YES;
				CLANG_WARN_COMMA = YES;
				CLANG_WARN_CONSTANT_CONVERSION = YES;
				CLANG_WARN_DEPRECATED_OBJC_IMPLEMENTATIONS = YES;
				CLANG_WARN_DIRECT_OBJC_ISA_USAGE = YES_ERROR;
				CLANG_WARN_DOCUMENTATION_COMMENTS = YES;
				CLANG_WARN_EMPTY_BODY = YES;
				CLANG_WARN_ENUM_CONVERSION = YES;
				CLANG_WARN_INFINITE_RECURSION = YES;
				CLANG_WARN_INT_CONVERSION = YES;
				CLANG_WARN_NON_LITERAL_NULL_CONVERSION = YES;
				CLANG_WARN_OBJC_IMPLICIT_RETAIN_SELF = YES;
				CLANG_WARN_OBJC_LITERAL_CONVERSION = YES;
				CLANG_WARN_OBJC_ROOT_CLASS = YES_ERROR;
				CLANG_WARN_QUOTED_INCLUDE_IN_FRAMEWORK_HEADER = YES;
				CLANG_WARN_RANGE_LOOP_ANALYSIS = YES;
				CLANG_WARN_STRICT_PROTOTYPES = YES;
				CLANG_WARN_SUSPICIOUS_MOVE = YES;
				CLANG_WARN_UNGUARDED_AVAILABILITY = YES_AGGRESSIVE;
				CLANG_WARN_UNREACHABLE_CODE = YES;
				CLANG_WARN__DUPLICATE_METHOD_MATCH = YES;
				COPY_PHASE_STRIP = NO;
				DEBUG_INFORMATION_FORMAT = dwarf;
				ENABLE_STRICT_OBJC_MSGSEND = YES;
				ENABLE_TESTABILITY = YES;
				GCC_C_LANGUAGE_STANDARD = gnu11;
				GCC_DYNAMIC_NO_PIC = NO;
				GCC_NO_COMMON_BLOCKS = YES;
				GCC_OPTIMIZATION_LEVEL = 0;
				GCC_PREPROCESSOR_DEFINITIONS = (
					"DEBUG=1",
					"$(inherited)",
				);
				GCC_WARN_64_TO_32_BIT_CONVERSION = YES;
				GCC_WARN_ABOUT_RETURN_TYPE = YES_ERROR;
				GCC_WARN_UNDECLARED_SELECTOR = YES;
				GCC_WARN_UNINITIALIZED_AUTOS = YES_AGGRESSIVE;
				GCC_WARN_UNUSED_FUNCTION = YES;
				GCC_WARN_UNUSED_VARIABLE = YES;
				IPHONEOS_DEPLOYMENT_TARGET = 15.4;
				MTL_ENABLE_DEBUG_INFO = INCLUDE_SOURCE;
				MTL_FAST_MATH = YES;
				ONLY_ACTIVE_ARCH = YES;
				SDKROOT = iphoneos;
				SWIFT_ACTIVE_COMPILATION_CONDITIONS = DEBUG;
				SWIFT_OPTIMIZATION_LEVEL = "-Onone";
			};
			name = Debug;
		};
		BFF1FB9E2812C38300142235 /* Release */ = {
			isa = XCBuildConfiguration;
			buildSettings = {
				ALWAYS_SEARCH_USER_PATHS = NO;
				CLANG_ANALYZER_NONNULL = YES;
				CLANG_ANALYZER_NUMBER_OBJECT_CONVERSION = YES_AGGRESSIVE;
				CLANG_CXX_LANGUAGE_STANDARD = "gnu++17";
				CLANG_ENABLE_MODULES = YES;
				CLANG_ENABLE_OBJC_ARC = YES;
				CLANG_ENABLE_OBJC_WEAK = YES;
				CLANG_WARN_BLOCK_CAPTURE_AUTORELEASING = YES;
				CLANG_WARN_BOOL_CONVERSION = YES;
				CLANG_WARN_COMMA = YES;
				CLANG_WARN_CONSTANT_CONVERSION = YES;
				CLANG_WARN_DEPRECATED_OBJC_IMPLEMENTATIONS = YES;
				CLANG_WARN_DIRECT_OBJC_ISA_USAGE = YES_ERROR;
				CLANG_WARN_DOCUMENTATION_COMMENTS = YES;
				CLANG_WARN_EMPTY_BODY = YES;
				CLANG_WARN_ENUM_CONVERSION = YES;
				CLANG_WARN_INFINITE_RECURSION = YES;
				CLANG_WARN_INT_CONVERSION = YES;
				CLANG_WARN_NON_LITERAL_NULL_CONVERSION = YES;
				CLANG_WARN_OBJC_IMPLICIT_RETAIN_SELF = YES;
				CLANG_WARN_OBJC_LITERAL_CONVERSION = YES;
				CLANG_WARN_OBJC_ROOT_CLASS = YES_ERROR;
				CLANG_WARN_QUOTED_INCLUDE_IN_FRAMEWORK_HEADER = YES;
				CLANG_WARN_RANGE_LOOP_ANALYSIS = YES;
				CLANG_WARN_STRICT_PROTOTYPES = YES;
				CLANG_WARN_SUSPICIOUS_MOVE = YES;
				CLANG_WARN_UNGUARDED_AVAILABILITY = YES_AGGRESSIVE;
				CLANG_WARN_UNREACHABLE_CODE = YES;
				CLANG_WARN__DUPLICATE_METHOD_MATCH = YES;
				COPY_PHASE_STRIP = NO;
				DEBUG_INFORMATION_FORMAT = "dwarf-with-dsym";
				ENABLE_NS_ASSERTIONS = NO;
				ENABLE_STRICT_OBJC_MSGSEND = YES;
				GCC_C_LANGUAGE_STANDARD = gnu11;
				GCC_NO_COMMON_BLOCKS = YES;
				GCC_WARN_64_TO_32_BIT_CONVERSION = YES;
				GCC_WARN_ABOUT_RETURN_TYPE = YES_ERROR;
				GCC_WARN_UNDECLARED_SELECTOR = YES;
				GCC_WARN_UNINITIALIZED_AUTOS = YES_AGGRESSIVE;
				GCC_WARN_UNUSED_FUNCTION = YES;
				GCC_WARN_UNUSED_VARIABLE = YES;
				IPHONEOS_DEPLOYMENT_TARGET = 15.4;
				MTL_ENABLE_DEBUG_INFO = NO;
				MTL_FAST_MATH = YES;
				SDKROOT = iphoneos;
				SWIFT_COMPILATION_MODE = wholemodule;
				SWIFT_OPTIMIZATION_LEVEL = "-O";
				VALIDATE_PRODUCT = YES;
			};
			name = Release;
		};
		BFF1FBA02812C38300142235 /* Debug */ = {
			isa = XCBuildConfiguration;
			baseConfigurationReference = 038E13176E3F720562E1850E /* Pods-MagicList.debug.xcconfig */;
			buildSettings = {
				ASSETCATALOG_COMPILER_APPICON_NAME = AppIcon;
				ASSETCATALOG_COMPILER_GLOBAL_ACCENT_COLOR_NAME = AccentColor;
				CODE_SIGN_STYLE = Automatic;
				CURRENT_PROJECT_VERSION = 1;
				DEVELOPMENT_TEAM = "";
				GENERATE_INFOPLIST_FILE = YES;
				INFOPLIST_FILE = MagicList/Info.plist;
				INFOPLIST_KEY_UIApplicationSupportsIndirectInputEvents = YES;
				INFOPLIST_KEY_UILaunchStoryboardName = LaunchScreen;
				INFOPLIST_KEY_UISupportedInterfaceOrientations_iPad = "UIInterfaceOrientationPortrait UIInterfaceOrientationPortraitUpsideDown UIInterfaceOrientationLandscapeLeft UIInterfaceOrientationLandscapeRight";
				INFOPLIST_KEY_UISupportedInterfaceOrientations_iPhone = "UIInterfaceOrientationPortrait UIInterfaceOrientationLandscapeLeft UIInterfaceOrientationLandscapeRight";
				IPHONEOS_DEPLOYMENT_TARGET = 15.0;
				LD_RUNPATH_SEARCH_PATHS = (
					"$(inherited)",
					"@executable_path/Frameworks",
				);
				MARKETING_VERSION = 1.0;
				PRODUCT_BUNDLE_IDENTIFIER = com.google.MagicList;
				PRODUCT_NAME = "$(TARGET_NAME)";
				SWIFT_EMIT_LOC_STRINGS = YES;
				SWIFT_VERSION = 5.0;
				TARGETED_DEVICE_FAMILY = "1,2";
			};
			name = Debug;
		};
		BFF1FBA12812C38300142235 /* Release */ = {
			isa = XCBuildConfiguration;
			baseConfigurationReference = 3B5EE07FB4DA967B9298A2C6 /* Pods-MagicList.release.xcconfig */;
			buildSettings = {
				ASSETCATALOG_COMPILER_APPICON_NAME = AppIcon;
				ASSETCATALOG_COMPILER_GLOBAL_ACCENT_COLOR_NAME = AccentColor;
				CODE_SIGN_STYLE = Automatic;
				CURRENT_PROJECT_VERSION = 1;
				DEVELOPMENT_TEAM = "";
				GENERATE_INFOPLIST_FILE = YES;
				INFOPLIST_FILE = MagicList/Info.plist;
				INFOPLIST_KEY_UIApplicationSupportsIndirectInputEvents = YES;
				INFOPLIST_KEY_UILaunchStoryboardName = LaunchScreen;
				INFOPLIST_KEY_UISupportedInterfaceOrientations_iPad = "UIInterfaceOrientationPortrait UIInterfaceOrientationPortraitUpsideDown UIInterfaceOrientationLandscapeLeft UIInterfaceOrientationLandscapeRight";
				INFOPLIST_KEY_UISupportedInterfaceOrientations_iPhone = "UIInterfaceOrientationPortrait UIInterfaceOrientationLandscapeLeft UIInterfaceOrientationLandscapeRight";
				IPHONEOS_DEPLOYMENT_TARGET = 15.0;
				LD_RUNPATH_SEARCH_PATHS = (
					"$(inherited)",
					"@executable_path/Frameworks",
				);
				MARKETING_VERSION = 1.0;
				PRODUCT_BUNDLE_IDENTIFIER = com.google.MagicList;
				PRODUCT_NAME = "$(TARGET_NAME)";
				SWIFT_EMIT_LOC_STRINGS = YES;
				SWIFT_VERSION = 5.0;
				TARGETED_DEVICE_FAMILY = "1,2";
			};
			name = Release;
		};
/* End XCBuildConfiguration section */

/* Begin XCConfigurationList section */
		BFF1FB832812C38300142235 /* Build configuration list for PBXProject "MagicList" */ = {
			isa = XCConfigurationList;
			buildConfigurations = (
				BFF1FB9D2812C38300142235 /* Debug */,
				BFF1FB9E2812C38300142235 /* Release */,
			);
			defaultConfigurationIsVisible = 0;
			defaultConfigurationName = Release;
		};
		BFF1FB9F2812C38300142235 /* Build configuration list for PBXNativeTarget "MagicList" */ = {
			isa = XCConfigurationList;
			buildConfigurations = (
				BFF1FBA02812C38300142235 /* Debug */,
				BFF1FBA12812C38300142235 /* Release */,
			);
			defaultConfigurationIsVisible = 0;
			defaultConfigurationName = Release;
		};
/* End XCConfigurationList section */

/* Begin XCVersionGroup section */
		BFF1FB942812C38300142235 /* MagicList.xcdatamodeld */ = {
			isa = XCVersionGroup;
			children = (
				BFF1FB952812C38300142235 /* MagicList.xcdatamodel */,
			);
			currentVersion = BFF1FB952812C38300142235 /* MagicList.xcdatamodel */;
			path = MagicList.xcdatamodeld;
			sourceTree = "<group>";
			versionGroupType = wrapper.xcdatamodel;
		};
/* End XCVersionGroup section */
	};
	rootObject = BFF1FB802812C38300142235 /* Project object */;
}
